
Microsoft Visual Studio Solution File, Format Version 12.00
# Visual Studio Version 16
VisualStudioVersion = 16.0.29926.136
MinimumVisualStudioVersion = 10.0.40219.1
Project("{9A19103F-16F7-4668-BE54-9A1E7A4F7556}") = "Foaas.Client", "Foaas.Client\Foaas.Client.csproj", "{31FB9320-571A-4D5B-ACAA-2779707C65B0}"
EndProject
Project("{FAE04EC0-301F-11D3-BF4B-00C04F79EFBC}") = "Foaas.Client.Tests", "Foaas.Client.Tests\Foaas.Client.Tests.csproj", "{C3D30D45-9A2F-41BC-A809-A673F203D889}"
EndProject
Global
	GlobalSection(SolutionConfigurationPlatforms) = preSolution
		Debug|Any CPU = Debug|Any CPU
		Release|Any CPU = Release|Any CPU
	EndGlobalSection
	GlobalSection(ProjectConfigurationPlatforms) = postSolution
		{31FB9320-571A-4D5B-ACAA-2779707C65B0}.Debug|Any CPU.ActiveCfg = Debug|Any CPU
		{31FB9320-571A-4D5B-ACAA-2779707C65B0}.Debug|Any CPU.Build.0 = Debug|Any CPU
		{31FB9320-571A-4D5B-ACAA-2779707C65B0}.Release|Any CPU.ActiveCfg = Release|Any CPU
		{31FB9320-571A-4D5B-ACAA-2779707C65B0}.Release|Any CPU.Build.0 = Release|Any CPU
		{C3D30D45-9A2F-41BC-A809-A673F203D889}.Debug|Any CPU.ActiveCfg = Debug|Any CPU
		{C3D30D45-9A2F-41BC-A809-A673F203D889}.Debug|Any CPU.Build.0 = Debug|Any CPU
		{C3D30D45-9A2F-41BC-A809-A673F203D889}.Release|Any CPU.ActiveCfg = Release|Any CPU
		{C3D30D45-9A2F-41BC-A809-A673F203D889}.Release|Any CPU.Build.0 = Release|Any CPU
	EndGlobalSection
	GlobalSection(SolutionProperties) = preSolution
		HideSolutionNode = FALSE
	EndGlobalSection
	GlobalSection(ExtensibilityGlobals) = postSolution
		SolutionGuid = {B4690F13-68E2-47B6-859B-C7107834EF2B}
	EndGlobalSection
EndGlobal
